
Microsoft Visual Studio Solution File, Format Version 12.00
# Visual Studio 15
VisualStudioVersion = 15.0.28307.102
MinimumVisualStudioVersion = 10.0.40219.1
Project("{FAE04EC0-301F-11D3-BF4B-00C04F79EFBC}") = "XML", "XML\XML.csproj", "{AB71B2D4-6C8B-40E2-9516-08E2DDB0BBA7}"
EndProject
Global
	GlobalSection(SolutionConfigurationPlatforms) = preSolution
		Debug|Any CPU = Debug|Any CPU
		Release|Any CPU = Release|Any CPU
	EndGlobalSection
	GlobalSection(ProjectConfigurationPlatforms) = postSolution
		{AB71B2D4-6C8B-40E2-9516-08E2DDB0BBA7}.Debug|Any CPU.ActiveCfg = Debug|Any CPU
		{AB71B2D4-6C8B-40E2-9516-08E2DDB0BBA7}.Debug|Any CPU.Build.0 = Debug|Any CPU
		{AB71B2D4-6C8B-40E2-9516-08E2DDB0BBA7}.Release|Any CPU.ActiveCfg = Release|Any CPU
		{AB71B2D4-6C8B-40E2-9516-08E2DDB0BBA7}.Release|Any CPU.Build.0 = Release|Any CPU
	EndGlobalSection
	GlobalSection(SolutionProperties) = preSolution
		HideSolutionNode = FALSE
	EndGlobalSection
	GlobalSection(ExtensibilityGlobals) = postSolution
		SolutionGuid = {04924F9F-8C44-4A8A-85F5-7A4682653F64}
	EndGlobalSection
EndGlobal
